// !$*UTF8*$!
{
	archiveVersion = 1;
	classes = {
	};
	objectVersion = 46;
	objects = {

/* Begin PBXBuildFile section */
		A90B1583159B77EB00CC462E /* MainWindow.xib in Resources */ = {isa = PBXBuildFile; fileRef = A90B1582159B77EB00CC462E /* MainWindow.xib */; };
		A9333B5E15991418005E69FA /* UIKit.framework in Frameworks */ = {isa = PBXBuildFile; fileRef = A9333B5D15991418005E69FA /* UIKit.framework */; };
		A9333B6015991418005E69FA /* Foundation.framework in Frameworks */ = {isa = PBXBuildFile; fileRef = A9333B5F15991418005E69FA /* Foundation.framework */; };
		A9333B6215991418005E69FA /* CoreGraphics.framework in Frameworks */ = {isa = PBXBuildFile; fileRef = A9333B6115991418005E69FA /* CoreGraphics.framework */; };
		A9333B6815991418005E69FA /* InfoPlist.strings in Resources */ = {isa = PBXBuildFile; fileRef = A9333B6615991418005E69FA /* InfoPlist.strings */; };
		A9333B6A15991418005E69FA /* main.m in Sources */ = {isa = PBXBuildFile; fileRef = A9333B6915991418005E69FA /* main.m */; };
		A9333B6E15991418005E69FA /* AppDelegate.m in Sources */ = {isa = PBXBuildFile; fileRef = A9333B6D15991418005E69FA /* AppDelegate.m */; };
		A9333B7C15991418005E69FA /* SenTestingKit.framework in Frameworks */ = {isa = PBXBuildFile; fileRef = A9333B7B15991418005E69FA /* SenTestingKit.framework */; };
		A9333B7D15991418005E69FA /* UIKit.framework in Frameworks */ = {isa = PBXBuildFile; fileRef = A9333B5D15991418005E69FA /* UIKit.framework */; };
		A9333B7E15991418005E69FA /* Foundation.framework in Frameworks */ = {isa = PBXBuildFile; fileRef = A9333B5F15991418005E69FA /* Foundation.framework */; };
		A9333B8615991418005E69FA /* InfoPlist.strings in Resources */ = {isa = PBXBuildFile; fileRef = A9333B8415991418005E69FA /* InfoPlist.strings */; };
		A9333B8915991419005E69FA /* bDrunkTests.m in Sources */ = {isa = PBXBuildFile; fileRef = A9333B8815991419005E69FA /* bDrunkTests.m */; };
/* End PBXBuildFile section */

/* Begin PBXContainerItemProxy section */
		A9333B7F15991418005E69FA /* PBXContainerItemProxy */ = {
			isa = PBXContainerItemProxy;
			containerPortal = A9333B5015991418005E69FA /* Project object */;
			proxyType = 1;
			remoteGlobalIDString = A9333B5815991418005E69FA;
			remoteInfo = bDrunk;
		};
/* End PBXContainerItemProxy section */

/* Begin PBXFileReference section */
		A90B1582159B77EB00CC462E /* MainWindow.xib */ = {isa = PBXFileReference; fileEncoding = 4; lastKnownFileType = file.xib; path = MainWindow.xib; sourceTree = "<group>"; };
		A9333B5915991418005E69FA /* bDrunk.app */ = {isa = PBXFileReference; explicitFileType = wrapper.application; includeInIndex = 0; path = bDrunk.app; sourceTree = BUILT_PRODUCTS_DIR; };
		A9333B5D15991418005E69FA /* UIKit.framework */ = {isa = PBXFileReference; lastKnownFileType = wrapper.framework; name = UIKit.framework; path = System/Library/Frameworks/UIKit.framework; sourceTree = SDKROOT; };
		A9333B5F15991418005E69FA /* Foundation.framework */ = {isa = PBXFileReference; lastKnownFileType = wrapper.framework; name = Foundation.framework; path = System/Library/Frameworks/Foundation.framework; sourceTree = SDKROOT; };
		A9333B6115991418005E69FA /* CoreGraphics.framework */ = {isa = PBXFileReference; lastKnownFileType = wrapper.framework; name = CoreGraphics.framework; path = System/Library/Frameworks/CoreGraphics.framework; sourceTree = SDKROOT; };
		A9333B6515991418005E69FA /* bDrunk-Info.plist */ = {isa = PBXFileReference; lastKnownFileType = text.plist.xml; path = "bDrunk-Info.plist"; sourceTree = "<group>"; };
		A9333B6715991418005E69FA /* en */ = {isa = PBXFileReference; lastKnownFileType = text.plist.strings; name = en; path = en.lproj/InfoPlist.strings; sourceTree = "<group>"; };
		A9333B6915991418005E69FA /* main.m */ = {isa = PBXFileReference; lastKnownFileType = sourcecode.c.objc; path = main.m; sourceTree = "<group>"; };
		A9333B6B15991418005E69FA /* bDrunk-Prefix.pch */ = {isa = PBXFileReference; lastKnownFileType = sourcecode.c.h; path = "bDrunk-Prefix.pch"; sourceTree = "<group>"; };
		A9333B6C15991418005E69FA /* AppDelegate.h */ = {isa = PBXFileReference; lastKnownFileType = sourcecode.c.h; path = AppDelegate.h; sourceTree = "<group>"; };
		A9333B6D15991418005E69FA /* AppDelegate.m */ = {isa = PBXFileReference; lastKnownFileType = sourcecode.c.objc; path = AppDelegate.m; sourceTree = "<group>"; };
		A9333B7A15991418005E69FA /* bDrunkTests.octest */ = {isa = PBXFileReference; explicitFileType = wrapper.cfbundle; includeInIndex = 0; path = bDrunkTests.octest; sourceTree = BUILT_PRODUCTS_DIR; };
		A9333B7B15991418005E69FA /* SenTestingKit.framework */ = {isa = PBXFileReference; lastKnownFileType = wrapper.framework; name = SenTestingKit.framework; path = Library/Frameworks/SenTestingKit.framework; sourceTree = DEVELOPER_DIR; };
		A9333B8315991418005E69FA /* bDrunkTests-Info.plist */ = {isa = PBXFileReference; lastKnownFileType = text.plist.xml; path = "bDrunkTests-Info.plist"; sourceTree = "<group>"; };
		A9333B8515991418005E69FA /* en */ = {isa = PBXFileReference; lastKnownFileType = text.plist.strings; name = en; path = en.lproj/InfoPlist.strings; sourceTree = "<group>"; };
		A9333B8715991418005E69FA /* bDrunkTests.h */ = {isa = PBXFileReference; lastKnownFileType = sourcecode.c.h; path = bDrunkTests.h; sourceTree = "<group>"; };
		A9333B8815991419005E69FA /* bDrunkTests.m */ = {isa = PBXFileReference; lastKnownFileType = sourcecode.c.objc; path = bDrunkTests.m; sourceTree = "<group>"; };
/* End PBXFileReference section */

/* Begin PBXFrameworksBuildPhase section */
		A9333B5615991418005E69FA /* Frameworks */ = {
			isa = PBXFrameworksBuildPhase;
			buildActionMask = 2147483647;
			files = (
				A9333B5E15991418005E69FA /* UIKit.framework in Frameworks */,
				A9333B6015991418005E69FA /* Foundation.framework in Frameworks */,
				A9333B6215991418005E69FA /* CoreGraphics.framework in Frameworks */,
			);
			runOnlyForDeploymentPostprocessing = 0;
		};
		A9333B7615991418005E69FA /* Frameworks */ = {
			isa = PBXFrameworksBuildPhase;
			buildActionMask = 2147483647;
			files = (
				A9333B7C15991418005E69FA /* SenTestingKit.framework in Frameworks */,
				A9333B7D15991418005E69FA /* UIKit.framework in Frameworks */,
				A9333B7E15991418005E69FA /* Foundation.framework in Frameworks */,
			);
			runOnlyForDeploymentPostprocessing = 0;
		};
/* End PBXFrameworksBuildPhase section */

/* Begin PBXGroup section */
		A9333B4E15991418005E69FA = {
			isa = PBXGroup;
			children = (
				A90B1582159B77EB00CC462E /* MainWindow.xib */,
				A9333B6315991418005E69FA /* bDrunk */,
				A9333B8115991418005E69FA /* bDrunkTests */,
				A9333B5C15991418005E69FA /* Frameworks */,
				A9333B5A15991418005E69FA /* Products */,
			);
			sourceTree = "<group>";
		};
		A9333B5A15991418005E69FA /* Products */ = {
			isa = PBXGroup;
			children = (
				A9333B5915991418005E69FA /* bDrunk.app */,
				A9333B7A15991418005E69FA /* bDrunkTests.octest */,
			);
			name = Products;
			sourceTree = "<group>";
		};
		A9333B5C15991418005E69FA /* Frameworks */ = {
			isa = PBXGroup;
			children = (
				A9333B5D15991418005E69FA /* UIKit.framework */,
				A9333B5F15991418005E69FA /* Foundation.framework */,
				A9333B6115991418005E69FA /* CoreGraphics.framework */,
				A9333B7B15991418005E69FA /* SenTestingKit.framework */,
			);
			name = Frameworks;
			sourceTree = "<group>";
		};
		A9333B6315991418005E69FA /* bDrunk */ = {
			isa = PBXGroup;
			children = (
				A9333B6C15991418005E69FA /* AppDelegate.h */,
				A9333B6D15991418005E69FA /* AppDelegate.m */,
				A9333B6415991418005E69FA /* Supporting Files */,
			);
			path = bDrunk;
			sourceTree = "<group>";
		};
		A9333B6415991418005E69FA /* Supporting Files */ = {
			isa = PBXGroup;
			children = (
				A9333B6515991418005E69FA /* bDrunk-Info.plist */,
				A9333B6615991418005E69FA /* InfoPlist.strings */,
				A9333B6915991418005E69FA /* main.m */,
				A9333B6B15991418005E69FA /* bDrunk-Prefix.pch */,
			);
			name = "Supporting Files";
			sourceTree = "<group>";
		};
		A9333B8115991418005E69FA /* bDrunkTests */ = {
			isa = PBXGroup;
			children = (
				A9333B8715991418005E69FA /* bDrunkTests.h */,
				A9333B8815991419005E69FA /* bDrunkTests.m */,
				A9333B8215991418005E69FA /* Supporting Files */,
			);
			path = bDrunkTests;
			sourceTree = "<group>";
		};
		A9333B8215991418005E69FA /* Supporting Files */ = {
			isa = PBXGroup;
			children = (
				A9333B8315991418005E69FA /* bDrunkTests-Info.plist */,
				A9333B8415991418005E69FA /* InfoPlist.strings */,
			);
			name = "Supporting Files";
			sourceTree = "<group>";
		};
/* End PBXGroup section */

/* Begin PBXNativeTarget section */
		A9333B5815991418005E69FA /* bDrunk */ = {
			isa = PBXNativeTarget;
			buildConfigurationList = A9333B8C15991419005E69FA /* Build configuration list for PBXNativeTarget "bDrunk" */;
			buildPhases = (
				A9333B5515991418005E69FA /* Sources */,
				A9333B5615991418005E69FA /* Frameworks */,
				A9333B5715991418005E69FA /* Resources */,
			);
			buildRules = (
			);
			dependencies = (
			);
			name = bDrunk;
			productName = bDrunk;
			productReference = A9333B5915991418005E69FA /* bDrunk.app */;
			productType = "com.apple.product-type.application";
		};
		A9333B7915991418005E69FA /* bDrunkTests */ = {
			isa = PBXNativeTarget;
			buildConfigurationList = A9333B8F15991419005E69FA /* Build configuration list for PBXNativeTarget "bDrunkTests" */;
			buildPhases = (
				A9333B7515991418005E69FA /* Sources */,
				A9333B7615991418005E69FA /* Frameworks */,
				A9333B7715991418005E69FA /* Resources */,
				A9333B7815991418005E69FA /* ShellScript */,
			);
			buildRules = (
			);
			dependencies = (
				A9333B8015991418005E69FA /* PBXTargetDependency */,
			);
			name = bDrunkTests;
			productName = bDrunkTests;
			productReference = A9333B7A15991418005E69FA /* bDrunkTests.octest */;
			productType = "com.apple.product-type.bundle";
		};
/* End PBXNativeTarget section */

/* Begin PBXProject section */
		A9333B5015991418005E69FA /* Project object */ = {
			isa = PBXProject;
			attributes = {
				LastUpgradeCheck = 0420;
			};
			buildConfigurationList = A9333B5315991418005E69FA /* Build configuration list for PBXProject "bDrunk" */;
			compatibilityVersion = "Xcode 3.2";
			developmentRegion = English;
			hasScannedForEncodings = 0;
			knownRegions = (
				en,
			);
			mainGroup = A9333B4E15991418005E69FA;
			productRefGroup = A9333B5A15991418005E69FA /* Products */;
			projectDirPath = "";
			projectRoot = "";
			targets = (
				A9333B5815991418005E69FA /* bDrunk */,
				A9333B7915991418005E69FA /* bDrunkTests */,
			);
		};
/* End PBXProject section */

/* Begin PBXResourcesBuildPhase section */
		A9333B5715991418005E69FA /* Resources */ = {
			isa = PBXResourcesBuildPhase;
			buildActionMask = 2147483647;
			files = (
				A9333B6815991418005E69FA /* InfoPlist.strings in Resources */,
				A90B1583159B77EB00CC462E /* MainWindow.xib in Resources */,
			);
			runOnlyForDeploymentPostprocessing = 0;
		};
		A9333B7715991418005E69FA /* Resources */ = {
			isa = PBXResourcesBuildPhase;
			buildActionMask = 2147483647;
			files = (
				A9333B8615991418005E69FA /* InfoPlist.strings in Resources */,
			);
			runOnlyForDeploymentPostprocessing = 0;
		};
/* End PBXResourcesBuildPhase section */

/* Begin PBXShellScriptBuildPhase section */
		A9333B7815991418005E69FA /* ShellScript */ = {
			isa = PBXShellScriptBuildPhase;
			buildActionMask = 2147483647;
			files = (
			);
			inputPaths = (
			);
			outputPaths = (
			);
			runOnlyForDeploymentPostprocessing = 0;
			shellPath = /bin/sh;
			shellScript = "# Run the unit tests in this test bundle.\n\"${SYSTEM_DEVELOPER_DIR}/Tools/RunUnitTests\"\n";
		};
/* End PBXShellScriptBuildPhase section */

/* Begin PBXSourcesBuildPhase section */
		A9333B5515991418005E69FA /* Sources */ = {
			isa = PBXSourcesBuildPhase;
			buildActionMask = 2147483647;
			files = (
				A9333B6A15991418005E69FA /* main.m in Sources */,
				A9333B6E15991418005E69FA /* AppDelegate.m in Sources */,
			);
			runOnlyForDeploymentPostprocessing = 0;
		};
		A9333B7515991418005E69FA /* Sources */ = {
			isa = PBXSourcesBuildPhase;
			buildActionMask = 2147483647;
			files = (
				A9333B8915991419005E69FA /* bDrunkTests.m in Sources */,
			);
			runOnlyForDeploymentPostprocessing = 0;
		};
/* End PBXSourcesBuildPhase section */

/* Begin PBXTargetDependency section */
		A9333B8015991418005E69FA /* PBXTargetDependency */ = {
			isa = PBXTargetDependency;
			target = A9333B5815991418005E69FA /* bDrunk */;
			targetProxy = A9333B7F15991418005E69FA /* PBXContainerItemProxy */;
		};
/* End PBXTargetDependency section */

/* Begin PBXVariantGroup section */
		A9333B6615991418005E69FA /* InfoPlist.strings */ = {
			isa = PBXVariantGroup;
			children = (
				A9333B6715991418005E69FA /* en */,
			);
			name = InfoPlist.strings;
			sourceTree = "<group>";
		};
		A9333B8415991418005E69FA /* InfoPlist.strings */ = {
			isa = PBXVariantGroup;
			children = (
				A9333B8515991418005E69FA /* en */,
			);
			name = InfoPlist.strings;
			sourceTree = "<group>";
		};
/* End PBXVariantGroup section */

/* Begin XCBuildConfiguration section */
		A9333B8A15991419005E69FA /* Debug */ = {
			isa = XCBuildConfiguration;
			buildSettings = {
				ALWAYS_SEARCH_USER_PATHS = NO;
				ARCHS = "$(ARCHS_STANDARD_32_BIT)";
				CLANG_ENABLE_OBJC_ARC = YES;
				"CODE_SIGN_IDENTITY[sdk=iphoneos*]" = "iPhone Developer";
				COPY_PHASE_STRIP = NO;
				GCC_C_LANGUAGE_STANDARD = gnu99;
				GCC_DYNAMIC_NO_PIC = NO;
				GCC_OPTIMIZATION_LEVEL = 0;
				GCC_PREPROCESSOR_DEFINITIONS = (
					"DEBUG=1",
					"$(inherited)",
				);
				GCC_SYMBOLS_PRIVATE_EXTERN = NO;
				GCC_VERSION = com.apple.compilers.llvm.clang.1_0;
				GCC_WARN_ABOUT_MISSING_PROTOTYPES = YES;
				GCC_WARN_ABOUT_RETURN_TYPE = YES;
				GCC_WARN_UNUSED_VARIABLE = YES;
				IPHONEOS_DEPLOYMENT_TARGET = 5.0;
				SDKROOT = iphoneos;
			};
			name = Debug;
		};
		A9333B8B15991419005E69FA /* Release */ = {
			isa = XCBuildConfiguration;
			buildSettings = {
				ALWAYS_SEARCH_USER_PATHS = NO;
				ARCHS = "$(ARCHS_STANDARD_32_BIT)";
				CLANG_ENABLE_OBJC_ARC = YES;
				"CODE_SIGN_IDENTITY[sdk=iphoneos*]" = "iPhone Developer";
				COPY_PHASE_STRIP = YES;
				GCC_C_LANGUAGE_STANDARD = gnu99;
				GCC_VERSION = com.apple.compilers.llvm.clang.1_0;
				GCC_WARN_ABOUT_MISSING_PROTOTYPES = YES;
				GCC_WARN_ABOUT_RETURN_TYPE = YES;
				GCC_WARN_UNUSED_VARIABLE = YES;
				IPHONEOS_DEPLOYMENT_TARGET = 5.0;
				OTHER_CFLAGS = "-DNS_BLOCK_ASSERTIONS=1";
				SDKROOT = iphoneos;
				VALIDATE_PRODUCT = YES;
			};
			name = Release;
		};
		A9333B8D15991419005E69FA /* Debug */ = {
			isa = XCBuildConfiguration;
			buildSettings = {
				GCC_PRECOMPILE_PREFIX_HEADER = YES;
				GCC_PREFIX_HEADER = "bDrunk/bDrunk-Prefix.pch";
				INFOPLIST_FILE = "bDrunk/bDrunk-Info.plist";
				PRODUCT_NAME = "$(TARGET_NAME)";
				WRAPPER_EXTENSION = app;
			};
			name = Debug;
		};
		A9333B8E15991419005E69FA /* Release */ = {
			isa = XCBuildConfiguration;
			buildSettings = {
				GCC_PRECOMPILE_PREFIX_HEADER = YES;
				GCC_PREFIX_HEADER = "bDrunk/bDrunk-Prefix.pch";
				INFOPLIST_FILE = "bDrunk/bDrunk-Info.plist";
				PRODUCT_NAME = "$(TARGET_NAME)";
				WRAPPER_EXTENSION = app;
			};
			name = Release;
		};
		A9333B9015991419005E69FA /* Debug */ = {
			isa = XCBuildConfiguration;
			buildSettings = {
				BUNDLE_LOADER = "$(BUILT_PRODUCTS_DIR)/bDrunk.app/bDrunk";
				FRAMEWORK_SEARCH_PATHS = (
					"$(SDKROOT)/Developer/Library/Frameworks",
					"$(DEVELOPER_LIBRARY_DIR)/Frameworks",
				);
				GCC_PRECOMPILE_PREFIX_HEADER = YES;
				GCC_PREFIX_HEADER = "bDrunk/bDrunk-Prefix.pch";
				INFOPLIST_FILE = "bDrunkTests/bDrunkTests-Info.plist";
				PRODUCT_NAME = "$(TARGET_NAME)";
				TEST_HOST = "$(BUNDLE_LOADER)";
				WRAPPER_EXTENSION = octest;
			};
			name = Debug;
		};
		A9333B9115991419005E69FA /* Release */ = {
			isa = XCBuildConfiguration;
			buildSettings = {
				BUNDLE_LOADER = "$(BUILT_PRODUCTS_DIR)/bDrunk.app/bDrunk";
				FRAMEWORK_SEARCH_PATHS = (
					"$(SDKROOT)/Developer/Library/Frameworks",
					"$(DEVELOPER_LIBRARY_DIR)/Frameworks",
				);
				GCC_PRECOMPILE_PREFIX_HEADER = YES;
				GCC_PREFIX_HEADER = "bDrunk/bDrunk-Prefix.pch";
				INFOPLIST_FILE = "bDrunkTests/bDrunkTests-Info.plist";
				PRODUCT_NAME = "$(TARGET_NAME)";
				TEST_HOST = "$(BUNDLE_LOADER)";
				WRAPPER_EXTENSION = octest;
			};
			name = Release;
		};
/* End XCBuildConfiguration section */

/* Begin XCConfigurationList section */
		A9333B5315991418005E69FA /* Build configuration list for PBXProject "bDrunk" */ = {
			isa = XCConfigurationList;
			buildConfigurations = (
				A9333B8A15991419005E69FA /* Debug */,
				A9333B8B15991419005E69FA /* Release */,
			);
			defaultConfigurationIsVisible = 0;
			defaultConfigurationName = Release;
		};
		A9333B8C15991419005E69FA /* Build configuration list for PBXNativeTarget "bDrunk" */ = {
			isa = XCConfigurationList;
			buildConfigurations = (
				A9333B8D15991419005E69FA /* Debug */,
				A9333B8E15991419005E69FA /* Release */,
			);
			defaultConfigurationIsVisible = 0;
			defaultConfigurationName = Release;
		};
		A9333B8F15991419005E69FA /* Build configuration list for PBXNativeTarget "bDrunkTests" */ = {
			isa = XCConfigurationList;
			buildConfigurations = (
				A9333B9015991419005E69FA /* Debug */,
				A9333B9115991419005E69FA /* Release */,
			);
			defaultConfigurationIsVisible = 0;
			defaultConfigurationName = Release;
		};
/* End XCConfigurationList section */
	};
	rootObject = A9333B5015991418005E69FA /* Project object */;
}
